# Generated by buf. DO NOT EDIT.
version: v2
deps:
  - name: buf.build/envoyproxy/protoc-gen-validate
    commit: daf171c6cdb54629b5f51e345a79e4dd
    digest: b5:c745e1521879f43740230b1df673d0729f55704efefdcfc489d4a0a2d40c92a26cacfeab62813403040a8b180142d53b398c7ca784a065e43823605ee49681de
  - name: buf.build/googleapis/googleapis
    commit: 536964a08a534d51b8f30f2d6751f1f9
    digest: b5:3e05d27e797b00c345fadd3c15cf0e16c4cc693036a55059721e66d6ce22a96264a4897658c9243bb0874fa9ca96e437589eb512189d2754604a626c632f6030
  - name: buf.build/linka-cloud/protodb
    commit: 63bb11effaa0474aa564710474452ee7
    digest: b5:86b0e35077cba26825d36c6e3d80938421313e0f49ec0ebae4e11fbc9e237db7c50d1b7113b9097c184b2dc02b407907ced0b1941970808ee6bd06ae27d6cdd9
  - name: buf.build/linka-cloud/protofilters
    commit: 5bf1a419b8964a539fe28cb1191c4a98
    digest: b5:2fae1db1ae748f1a84df3ec74164d546b731ffbeb73d20fba4a56ca69a595ba74d11db79c4b1155a2fedd7513823836fce252e0c69e799fcb39579d86e60e9e4
  - name: buf.build/linka-cloud/protopatch
    commit: b5f63439229a460e92dfb918d306f5bf
    digest: b5:2445ff476340c613ee0fa0ad12a178b6f9d1ad45319c07142839e500d875cc9a652bf9b9529961d3e6ae2282367aa94ad663786cd9fe94c6099690776843f19c
